Microsoft Visual Studio Solution File, Format Version 11.00
# Visual Studio 2008

Project("{F1FE35F8-7E29-213C-08CA-9CE9F9280E9D}") = "The Transient Mind", "Assembly-CSharp-firstpass.csproj", "{90C91A59-7B60-9B6E-0A4D-C37184A0B641}"
EndProject
Project("{F1FE35F8-7E29-213C-08CA-9CE9F9280E9D}") = "The Transient Mind", "Assembly-CSharp.csproj", "{12127363-5A26-90FB-270A-C680319E2473}"
EndProject
Project("{F1FE35F8-7E29-213C-08CA-9CE9F9280E9D}") = "The Transient Mind", "Assembly-CSharp-Editor.csproj", "{78CBEE55-F4D3-0216-801E-DD23D00D04FE}"
EndProject
Global
	GlobalSection(SolutionConfigurationPlatforms) = preSolution
		Debug|Any CPU = Debug|Any CPU
		Release|Any CPU = Release|Any CPU
	EndGlobalSection
	GlobalSection(ProjectConfigurationPlatforms) = postSolution
		{90C91A59-7B60-9B6E-0A4D-C37184A0B641}.Debug|Any CPU.ActiveCfg = Debug|Any CPU
		{90C91A59-7B60-9B6E-0A4D-C37184A0B641}.Debug|Any CPU.Build.0 = Debug|Any CPU
		{90C91A59-7B60-9B6E-0A4D-C37184A0B641}.Release|Any CPU.ActiveCfg = Release|Any CPU
		{90C91A59-7B60-9B6E-0A4D-C37184A0B641}.Release|Any CPU.Build.0 = Release|Any CPU
		{12127363-5A26-90FB-270A-C680319E2473}.Debug|Any CPU.ActiveCfg = Debug|Any CPU
		{12127363-5A26-90FB-270A-C680319E2473}.Debug|Any CPU.Build.0 = Debug|Any CPU
		{12127363-5A26-90FB-270A-C680319E2473}.Release|Any CPU.ActiveCfg = Release|Any CPU
		{12127363-5A26-90FB-270A-C680319E2473}.Release|Any CPU.Build.0 = Release|Any CPU
		{78CBEE55-F4D3-0216-801E-DD23D00D04FE}.Debug|Any CPU.ActiveCfg = Debug|Any CPU
		{78CBEE55-F4D3-0216-801E-DD23D00D04FE}.Debug|Any CPU.Build.0 = Debug|Any CPU
		{78CBEE55-F4D3-0216-801E-DD23D00D04FE}.Release|Any CPU.ActiveCfg = Release|Any CPU
		{78CBEE55-F4D3-0216-801E-DD23D00D04FE}.Release|Any CPU.Build.0 = Release|Any CPU
	EndGlobalSection
	GlobalSection(SolutionProperties) = preSolution
		HideSolutionNode = FALSE
	EndGlobalSection
	GlobalSection(MonoDevelopProperties) = preSolution
		StartupItem = Assembly-CSharp.csproj
	EndGlobalSection
EndGlobal
